
Microsoft Visual Studio Solution File, Format Version 12.00
# Visual Studio Version 16
VisualStudioVersion = 16.0.31402.337
MinimumVisualStudioVersion = 10.0.40219.1
Project("{9A19103F-16F7-4668-BE54-9A1E7A4F7556}") = "ConsoleBase", "ConsoleBase\ConsoleBase.csproj", "{CBEFF9E8-6058-44D9-A483-716700ED7E6A}"
EndProject
Global
	GlobalSection(SolutionConfigurationPlatforms) = preSolution
		Debug|Any CPU = Debug|Any CPU
		Release|Any CPU = Release|Any CPU
	EndGlobalSection
	GlobalSection(ProjectConfigurationPlatforms) = postSolution
		{CBEFF9E8-6058-44D9-A483-716700ED7E6A}.Debug|Any CPU.ActiveCfg = Debug|Any CPU
		{CBEFF9E8-6058-44D9-A483-716700ED7E6A}.Debug|Any CPU.Build.0 = Debug|Any CPU
		{CBEFF9E8-6058-44D9-A483-716700ED7E6A}.Release|Any CPU.ActiveCfg = Release|Any CPU
		{CBEFF9E8-6058-44D9-A483-716700ED7E6A}.Release|Any CPU.Build.0 = Release|Any CPU
	EndGlobalSection
	GlobalSection(SolutionProperties) = preSolution
		HideSolutionNode = FALSE
	EndGlobalSection
	GlobalSection(ExtensibilityGlobals) = postSolution
		SolutionGuid = {3D645CCD-3100-4383-9345-A3E74B82A18D}
	EndGlobalSection
EndGlobal
